
Microsoft Visual Studio Solution File, Format Version 12.00
# Visual Studio Version 16
VisualStudioVersion = 16.0.28803.452
MinimumVisualStudioVersion = 10.0.40219.1
Project("{888888A0-9F3D-457C-B088-3A5042F75D52}") = "kube", "kube.pyproj", "{44D77247-C901-46A7-A238-70E0723A5070}"
EndProject
Global
	GlobalSection(SolutionConfigurationPlatforms) = preSolution
		Debug|Any CPU = Debug|Any CPU
		Release|Any CPU = Release|Any CPU
	EndGlobalSection
	GlobalSection(ProjectConfigurationPlatforms) = postSolution
		{44D77247-C901-46A7-A238-70E0723A5070}.Debug|Any CPU.ActiveCfg = Debug|Any CPU
		{44D77247-C901-46A7-A238-70E0723A5070}.Debug|Any CPU.Build.0 = Debug|Any CPU
		{44D77247-C901-46A7-A238-70E0723A5070}.Release|Any CPU.ActiveCfg = Release|Any CPU
		{44D77247-C901-46A7-A238-70E0723A5070}.Release|Any CPU.Build.0 = Release|Any CPU
	EndGlobalSection
	GlobalSection(SolutionProperties) = preSolution
		HideSolutionNode = FALSE
	EndGlobalSection
	GlobalSection(ExtensibilityGlobals) = postSolution
		SolutionGuid = {A670467D-4267-4224-8D96-E8FC15E0D6CB}
	EndGlobalSection
EndGlobal
